
Microsoft Visual Studio Solution File, Format Version 12.00
# Visual Studio Version 17
VisualStudioVersion = 17.6.33712.159
MinimumVisualStudioVersion = 10.0.40219.1
Project("{9A19103F-16F7-4668-BE54-9A1E7A4F7556}") = "SelectAPIService", "SelectAPIService\SelectAPIService.csproj", "{113B4252-C90A-43B3-A10D-C3CF728D427B}"
EndProject
Project("{9A19103F-16F7-4668-BE54-9A1E7A4F7556}") = "SelectAPIGateway", "SelectAPIGateway\SelectAPIGateway.csproj", "{AF5A4781-4154-4FE6-BA1C-0A79CFEAA6A3}"
EndProject
Project("{9A19103F-16F7-4668-BE54-9A1E7A4F7556}") = "SelectAuthServer", "SelectAuthServer\SelectAuthServer.csproj", "{CC440324-5E27-484F-89C5-D319C12F9748}"
EndProject
Global
	GlobalSection(SolutionConfigurationPlatforms) = preSolution
		Debug|Any CPU = Debug|Any CPU
		Release|Any CPU = Release|Any CPU
	EndGlobalSection
	GlobalSection(ProjectConfigurationPlatforms) = postSolution
		{113B4252-C90A-43B3-A10D-C3CF728D427B}.Debug|Any CPU.ActiveCfg = Debug|Any CPU
		{113B4252-C90A-43B3-A10D-C3CF728D427B}.Debug|Any CPU.Build.0 = Debug|Any CPU
		{113B4252-C90A-43B3-A10D-C3CF728D427B}.Release|Any CPU.ActiveCfg = Release|Any CPU
		{113B4252-C90A-43B3-A10D-C3CF728D427B}.Release|Any CPU.Build.0 = Release|Any CPU
		{AF5A4781-4154-4FE6-BA1C-0A79CFEAA6A3}.Debug|Any CPU.ActiveCfg = Debug|Any CPU
		{AF5A4781-4154-4FE6-BA1C-0A79CFEAA6A3}.Debug|Any CPU.Build.0 = Debug|Any CPU
		{AF5A4781-4154-4FE6-BA1C-0A79CFEAA6A3}.Release|Any CPU.ActiveCfg = Release|Any CPU
		{AF5A4781-4154-4FE6-BA1C-0A79CFEAA6A3}.Release|Any CPU.Build.0 = Release|Any CPU
		{CC440324-5E27-484F-89C5-D319C12F9748}.Debug|Any CPU.ActiveCfg = Debug|Any CPU
		{CC440324-5E27-484F-89C5-D319C12F9748}.Debug|Any CPU.Build.0 = Debug|Any CPU
		{CC440324-5E27-484F-89C5-D319C12F9748}.Release|Any CPU.ActiveCfg = Release|Any CPU
		{CC440324-5E27-484F-89C5-D319C12F9748}.Release|Any CPU.Build.0 = Release|Any CPU
	EndGlobalSection
	GlobalSection(SolutionProperties) = preSolution
		HideSolutionNode = FALSE
	EndGlobalSection
	GlobalSection(ExtensibilityGlobals) = postSolution
		SolutionGuid = {4865011B-2E37-4F94-ABF7-26A0C16DFB09}
	EndGlobalSection
EndGlobal
